// !$*UTF8*$!
{
	archiveVersion = 1;
	classes = {
	};
	objectVersion = 46;
	objects = {

/* Begin PBXBuildFile section */
		4E02E882190CBEE500520332 /* Background.cpp in Sources */ = {isa = PBXBuildFile; fileRef = 4E02E880190CBEE500520332 /* Background.cpp */; };
		4E02E885190D53F600520332 /* Spike.cpp in Sources */ = {isa = PBXBuildFile; fileRef = 4E02E883190D53F600520332 /* Spike.cpp */; };
		4E045E84190BE6AA0086D957 /* main.cpp in Sources */ = {isa = PBXBuildFile; fileRef = 4E045E83190BE6AA0086D957 /* main.cpp */; };
		4E045E8C190BF5BE0086D957 /* GameObject.cpp in Sources */ = {isa = PBXBuildFile; fileRef = 4E045E8A190BF5BE0086D957 /* GameObject.cpp */; };
		4E045E8F190BF76B0086D957 /* Player.cpp in Sources */ = {isa = PBXBuildFile; fileRef = 4E045E8D190BF76B0086D957 /* Player.cpp */; };
		4E045E92190BFA110086D957 /* TextureManager.cpp in Sources */ = {isa = PBXBuildFile; fileRef = 4E045E90190BFA110086D957 /* TextureManager.cpp */; };
		4E045E9A190BFA440086D957 /* SDL2_image.framework in Frameworks */ = {isa = PBXBuildFile; fileRef = 4E045E93190BFA310086D957 /* SDL2_image.framework */; };
		4E045E9B190BFA440086D957 /* SDL2_mixer.framework in Frameworks */ = {isa = PBXBuildFile; fileRef = 4E045E94190BFA310086D957 /* SDL2_mixer.framework */; };
		4E045E9C190BFA440086D957 /* SDL2_ttf.framework in Frameworks */ = {isa = PBXBuildFile; fileRef = 4E045E95190BFA310086D957 /* SDL2_ttf.framework */; };
		4E045E9F190BFF570086D957 /* Game.cpp in Sources */ = {isa = PBXBuildFile; fileRef = 4E045E9D190BFF570086D957 /* Game.cpp */; };
		4E045EA2190C22120086D957 /* GameObjectParams.cpp in Sources */ = {isa = PBXBuildFile; fileRef = 4E045EA0190C22120086D957 /* GameObjectParams.cpp */; };
		4E045EA5190C2B780086D957 /* InputHandler.cpp in Sources */ = {isa = PBXBuildFile; fileRef = 4E045EA3190C2B780086D957 /* InputHandler.cpp */; };
		4E045EA8190C3DCF0086D957 /* GameState.cpp in Sources */ = {isa = PBXBuildFile; fileRef = 4E045EA6190C3DCF0086D957 /* GameState.cpp */; };
		4E045EAB190C629F0086D957 /* Enemy.cpp in Sources */ = {isa = PBXBuildFile; fileRef = 4E045EA9190C629F0086D957 /* Enemy.cpp */; };
		4E045EAE190C88580086D957 /* Trail.cpp in Sources */ = {isa = PBXBuildFile; fileRef = 4E045EAC190C88580086D957 /* Trail.cpp */; };
/* End PBXBuildFile section */

/* Begin PBXCopyFilesBuildPhase section */
		4E045E7E190BE6AA0086D957 /* CopyFiles */ = {
			isa = PBXCopyFilesBuildPhase;
			buildActionMask = 2147483647;
			dstPath = /usr/share/man/man1/;
			dstSubfolderSpec = 0;
			files = (
			);
			runOnlyForDeploymentPostprocessing = 1;
		};
/* End PBXCopyFilesBuildPhase section */

/* Begin PBXFileReference section */
		4E02E880190CBEE500520332 /* Background.cpp */ = {isa = PBXFileReference; fileEncoding = 4; lastKnownFileType = sourcecode.cpp.cpp; path = Background.cpp; sourceTree = "<group>"; };
		4E02E881190CBEE500520332 /* Background.h */ = {isa = PBXFileReference; fileEncoding = 4; lastKnownFileType = sourcecode.c.h; path = Background.h; sourceTree = "<group>"; };
		4E02E883190D53F600520332 /* Spike.cpp */ = {isa = PBXFileReference; fileEncoding = 4; lastKnownFileType = sourcecode.cpp.cpp; path = Spike.cpp; sourceTree = "<group>"; };
		4E02E884190D53F600520332 /* Spike.h */ = {isa = PBXFileReference; fileEncoding = 4; lastKnownFileType = sourcecode.c.h; path = Spike.h; sourceTree = "<group>"; };
		4E045E80190BE6AA0086D957 /* LudumDare29.app */ = {isa = PBXFileReference; explicitFileType = wrapper.application; includeInIndex = 0; path = LudumDare29.app; sourceTree = BUILT_PRODUCTS_DIR; };
		4E045E83190BE6AA0086D957 /* main.cpp */ = {isa = PBXFileReference; lastKnownFileType = sourcecode.cpp.cpp; path = main.cpp; sourceTree = "<group>"; };
		4E045E8A190BF5BE0086D957 /* GameObject.cpp */ = {isa = PBXFileReference; fileEncoding = 4; lastKnownFileType = sourcecode.cpp.cpp; path = GameObject.cpp; sourceTree = "<group>"; };
		4E045E8B190BF5BE0086D957 /* GameObject.h */ = {isa = PBXFileReference; fileEncoding = 4; lastKnownFileType = sourcecode.c.h; path = GameObject.h; sourceTree = "<group>"; };
		4E045E8D190BF76B0086D957 /* Player.cpp */ = {isa = PBXFileReference; fileEncoding = 4; lastKnownFileType = sourcecode.cpp.cpp; path = Player.cpp; sourceTree = "<group>"; };
		4E045E8E190BF76B0086D957 /* Player.h */ = {isa = PBXFileReference; fileEncoding = 4; lastKnownFileType = sourcecode.c.h; path = Player.h; sourceTree = "<group>"; };
		4E045E90190BFA110086D957 /* TextureManager.cpp */ = {isa = PBXFileReference; fileEncoding = 4; lastKnownFileType = sourcecode.cpp.cpp; path = TextureManager.cpp; sourceTree = "<group>"; };
		4E045E91190BFA110086D957 /* TextureManager.h */ = {isa = PBXFileReference; fileEncoding = 4; lastKnownFileType = sourcecode.c.h; path = TextureManager.h; sourceTree = "<group>"; };
		4E045E93190BFA310086D957 /* SDL2_image.framework */ = {isa = PBXFileReference; lastKnownFileType = wrapper.framework; name = SDL2_image.framework; path = /Library/Frameworks/SDL2_image.framework; sourceTree = "<absolute>"; };
		4E045E94190BFA310086D957 /* SDL2_mixer.framework */ = {isa = PBXFileReference; lastKnownFileType = wrapper.framework; name = SDL2_mixer.framework; path = /Library/Frameworks/SDL2_mixer.framework; sourceTree = "<absolute>"; };
		4E045E95190BFA310086D957 /* SDL2_ttf.framework */ = {isa = PBXFileReference; lastKnownFileType = wrapper.framework; name = SDL2_ttf.framework; path = /Library/Frameworks/SDL2_ttf.framework; sourceTree = "<absolute>"; };
		4E045E9D190BFF570086D957 /* Game.cpp */ = {isa = PBXFileReference; fileEncoding = 4; lastKnownFileType = sourcecode.cpp.cpp; path = Game.cpp; sourceTree = "<group>"; };
		4E045E9E190BFF570086D957 /* Game.h */ = {isa = PBXFileReference; fileEncoding = 4; lastKnownFileType = sourcecode.c.h; path = Game.h; sourceTree = "<group>"; };
		4E045EA0190C22120086D957 /* GameObjectParams.cpp */ = {isa = PBXFileReference; fileEncoding = 4; lastKnownFileType = sourcecode.cpp.cpp; path = GameObjectParams.cpp; sourceTree = "<group>"; };
		4E045EA1190C22120086D957 /* GameObjectParams.h */ = {isa = PBXFileReference; fileEncoding = 4; lastKnownFileType = sourcecode.c.h; path = GameObjectParams.h; sourceTree = "<group>"; };
		4E045EA3190C2B780086D957 /* InputHandler.cpp */ = {isa = PBXFileReference; fileEncoding = 4; lastKnownFileType = sourcecode.cpp.cpp; path = InputHandler.cpp; sourceTree = "<group>"; };
		4E045EA4190C2B780086D957 /* InputHandler.h */ = {isa = PBXFileReference; fileEncoding = 4; lastKnownFileType = sourcecode.c.h; path = InputHandler.h; sourceTree = "<group>"; };
		4E045EA6190C3DCF0086D957 /* GameState.cpp */ = {isa = PBXFileReference; fileEncoding = 4; lastKnownFileType = sourcecode.cpp.cpp; path = GameState.cpp; sourceTree = "<group>"; };
		4E045EA7190C3DCF0086D957 /* GameState.h */ = {isa = PBXFileReference; fileEncoding = 4; lastKnownFileType = sourcecode.c.h; path = GameState.h; sourceTree = "<group>"; };
		4E045EA9190C629F0086D957 /* Enemy.cpp */ = {isa = PBXFileReference; fileEncoding = 4; lastKnownFileType = sourcecode.cpp.cpp; path = Enemy.cpp; sourceTree = "<group>"; };
		4E045EAA190C629F0086D957 /* Enemy.h */ = {isa = PBXFileReference; fileEncoding = 4; lastKnownFileType = sourcecode.c.h; path = Enemy.h; sourceTree = "<group>"; };
		4E045EAC190C88580086D957 /* Trail.cpp */ = {isa = PBXFileReference; fileEncoding = 4; lastKnownFileType = sourcecode.cpp.cpp; path = Trail.cpp; sourceTree = "<group>"; };
		4E045EAD190C88580086D957 /* Trail.h */ = {isa = PBXFileReference; fileEncoding = 4; lastKnownFileType = sourcecode.c.h; path = Trail.h; sourceTree = "<group>"; };
/* End PBXFileReference section */

/* Begin PBXFrameworksBuildPhase section */
		4E045E7D190BE6AA0086D957 /* Frameworks */ = {
			isa = PBXFrameworksBuildPhase;
			buildActionMask = 2147483647;
			files = (
				4E045E9A190BFA440086D957 /* SDL2_image.framework in Frameworks */,
				4E045E9B190BFA440086D957 /* SDL2_mixer.framework in Frameworks */,
				4E045E9C190BFA440086D957 /* SDL2_ttf.framework in Frameworks */,
			);
			runOnlyForDeploymentPostprocessing = 0;
		};
/* End PBXFrameworksBuildPhase section */

/* Begin PBXGroup section */
		4E045E77190BE6AA0086D957 = {
			isa = PBXGroup;
			children = (
				4E045E99190BFA350086D957 /* Frameworks */,
				4E045E82190BE6AA0086D957 /* LudumDare29 */,
				4E045E81190BE6AA0086D957 /* Products */,
			);
			sourceTree = "<group>";
		};
		4E045E81190BE6AA0086D957 /* Products */ = {
			isa = PBXGroup;
			children = (
				4E045E80190BE6AA0086D957 /* LudumDare29.app */,
			);
			name = Products;
			sourceTree = "<group>";
		};
		4E045E82190BE6AA0086D957 /* LudumDare29 */ = {
			isa = PBXGroup;
			children = (
				4E045E83190BE6AA0086D957 /* main.cpp */,
				4E045E9D190BFF570086D957 /* Game.cpp */,
				4E045E9E190BFF570086D957 /* Game.h */,
				4E045EA6190C3DCF0086D957 /* GameState.cpp */,
				4E045EA7190C3DCF0086D957 /* GameState.h */,
				4E045EA0190C22120086D957 /* GameObjectParams.cpp */,
				4E045EA1190C22120086D957 /* GameObjectParams.h */,
				4E045E8A190BF5BE0086D957 /* GameObject.cpp */,
				4E045E8B190BF5BE0086D957 /* GameObject.h */,
				4E02E880190CBEE500520332 /* Background.cpp */,
				4E02E881190CBEE500520332 /* Background.h */,
				4E045E8D190BF76B0086D957 /* Player.cpp */,
				4E045E8E190BF76B0086D957 /* Player.h */,
				4E045EA9190C629F0086D957 /* Enemy.cpp */,
				4E045EAA190C629F0086D957 /* Enemy.h */,
				4E045EAC190C88580086D957 /* Trail.cpp */,
				4E045EAD190C88580086D957 /* Trail.h */,
				4E02E883190D53F600520332 /* Spike.cpp */,
				4E02E884190D53F600520332 /* Spike.h */,
				4E045E90190BFA110086D957 /* TextureManager.cpp */,
				4E045E91190BFA110086D957 /* TextureManager.h */,
				4E045EA3190C2B780086D957 /* InputHandler.cpp */,
				4E045EA4190C2B780086D957 /* InputHandler.h */,
			);
			path = LudumDare29;
			sourceTree = "<group>";
		};
		4E045E99190BFA350086D957 /* Frameworks */ = {
			isa = PBXGroup;
			children = (
				4E045E93190BFA310086D957 /* SDL2_image.framework */,
				4E045E94190BFA310086D957 /* SDL2_mixer.framework */,
				4E045E95190BFA310086D957 /* SDL2_ttf.framework */,
			);
			name = Frameworks;
			sourceTree = "<group>";
		};
/* End PBXGroup section */

/* Begin PBXNativeTarget section */
		4E045E7F190BE6AA0086D957 /* LudumDare29 */ = {
			isa = PBXNativeTarget;
			buildConfigurationList = 4E045E87190BE6AA0086D957 /* Build configuration list for PBXNativeTarget "LudumDare29" */;
			buildPhases = (
				4E045E7C190BE6AA0086D957 /* Sources */,
				4E045E7D190BE6AA0086D957 /* Frameworks */,
				4E045E7E190BE6AA0086D957 /* CopyFiles */,
			);
			buildRules = (
			);
			dependencies = (
			);
			name = LudumDare29;
			productName = LudumDare29;
			productReference = 4E045E80190BE6AA0086D957 /* LudumDare29.app */;
			productType = "com.apple.product-type.application";
		};
/* End PBXNativeTarget section */

/* Begin PBXProject section */
		4E045E78190BE6AA0086D957 /* Project object */ = {
			isa = PBXProject;
			attributes = {
				LastUpgradeCheck = 0510;
				ORGANIZATIONNAME = "Evan Chapman";
			};
			buildConfigurationList = 4E045E7B190BE6AA0086D957 /* Build configuration list for PBXProject "LudumDare29" */;
			compatibilityVersion = "Xcode 3.2";
			developmentRegion = English;
			hasScannedForEncodings = 0;
			knownRegions = (
				en,
			);
			mainGroup = 4E045E77190BE6AA0086D957;
			productRefGroup = 4E045E81190BE6AA0086D957 /* Products */;
			projectDirPath = "";
			projectRoot = "";
			targets = (
				4E045E7F190BE6AA0086D957 /* LudumDare29 */,
			);
		};
/* End PBXProject section */

/* Begin PBXSourcesBuildPhase section */
		4E045E7C190BE6AA0086D957 /* Sources */ = {
			isa = PBXSourcesBuildPhase;
			buildActionMask = 2147483647;
			files = (
				4E045EAE190C88580086D957 /* Trail.cpp in Sources */,
				4E045EA5190C2B780086D957 /* InputHandler.cpp in Sources */,
				4E02E885190D53F600520332 /* Spike.cpp in Sources */,
				4E045EA8190C3DCF0086D957 /* GameState.cpp in Sources */,
				4E045E8C190BF5BE0086D957 /* GameObject.cpp in Sources */,
				4E045EAB190C629F0086D957 /* Enemy.cpp in Sources */,
				4E045E84190BE6AA0086D957 /* main.cpp in Sources */,
				4E045E8F190BF76B0086D957 /* Player.cpp in Sources */,
				4E045E92190BFA110086D957 /* TextureManager.cpp in Sources */,
				4E045EA2190C22120086D957 /* GameObjectParams.cpp in Sources */,
				4E045E9F190BFF570086D957 /* Game.cpp in Sources */,
				4E02E882190CBEE500520332 /* Background.cpp in Sources */,
			);
			runOnlyForDeploymentPostprocessing = 0;
		};
/* End PBXSourcesBuildPhase section */

/* Begin XCBuildConfiguration section */
		4E045E85190BE6AA0086D957 /* Debug */ = {
			isa = XCBuildConfiguration;
			buildSettings = {
				ALWAYS_SEARCH_USER_PATHS = NO;
				CLANG_CXX_LANGUAGE_STANDARD = "gnu++0x";
				CLANG_CXX_LIBRARY = "libc++";
				CLANG_ENABLE_MODULES = YES;
				CLANG_ENABLE_OBJC_ARC = YES;
				CLANG_WARN_BOOL_CONVERSION = YES;
				CLANG_WARN_CONSTANT_CONVERSION = YES;
				CLANG_WARN_DIRECT_OBJC_ISA_USAGE = YES_ERROR;
				CLANG_WARN_EMPTY_BODY = YES;
				CLANG_WARN_ENUM_CONVERSION = YES;
				CLANG_WARN_INT_CONVERSION = YES;
				CLANG_WARN_OBJC_ROOT_CLASS = YES_ERROR;
				CLANG_WARN__DUPLICATE_METHOD_MATCH = YES;
				COPY_PHASE_STRIP = NO;
				GCC_C_LANGUAGE_STANDARD = gnu99;
				GCC_DYNAMIC_NO_PIC = NO;
				GCC_ENABLE_OBJC_EXCEPTIONS = YES;
				GCC_OPTIMIZATION_LEVEL = 0;
				GCC_PREPROCESSOR_DEFINITIONS = (
					"DEBUG=1",
					"$(inherited)",
				);
				GCC_SYMBOLS_PRIVATE_EXTERN = NO;
				GCC_WARN_64_TO_32_BIT_CONVERSION = YES;
				GCC_WARN_ABOUT_RETURN_TYPE = YES_ERROR;
				GCC_WARN_UNDECLARED_SELECTOR = YES;
				GCC_WARN_UNINITIALIZED_AUTOS = YES_AGGRESSIVE;
				GCC_WARN_UNUSED_FUNCTION = YES;
				GCC_WARN_UNUSED_VARIABLE = YES;
				MACOSX_DEPLOYMENT_TARGET = 10.9;
				ONLY_ACTIVE_ARCH = YES;
				SDKROOT = macosx;
			};
			name = Debug;
		};
		4E045E86190BE6AA0086D957 /* Release */ = {
			isa = XCBuildConfiguration;
			buildSettings = {
				ALWAYS_SEARCH_USER_PATHS = NO;
				CLANG_CXX_LANGUAGE_STANDARD = "gnu++0x";
				CLANG_CXX_LIBRARY = "libc++";
				CLANG_ENABLE_MODULES = YES;
				CLANG_ENABLE_OBJC_ARC = YES;
				CLANG_WARN_BOOL_CONVERSION = YES;
				CLANG_WARN_CONSTANT_CONVERSION = YES;
				CLANG_WARN_DIRECT_OBJC_ISA_USAGE = YES_ERROR;
				CLANG_WARN_EMPTY_BODY = YES;
				CLANG_WARN_ENUM_CONVERSION = YES;
				CLANG_WARN_INT_CONVERSION = YES;
				CLANG_WARN_OBJC_ROOT_CLASS = YES_ERROR;
				CLANG_WARN__DUPLICATE_METHOD_MATCH = YES;
				COPY_PHASE_STRIP = YES;
				DEBUG_INFORMATION_FORMAT = "dwarf-with-dsym";
				ENABLE_NS_ASSERTIONS = NO;
				GCC_C_LANGUAGE_STANDARD = gnu99;
				GCC_ENABLE_OBJC_EXCEPTIONS = YES;
				GCC_WARN_64_TO_32_BIT_CONVERSION = YES;
				GCC_WARN_ABOUT_RETURN_TYPE = YES_ERROR;
				GCC_WARN_UNDECLARED_SELECTOR = YES;
				GCC_WARN_UNINITIALIZED_AUTOS = YES_AGGRESSIVE;
				GCC_WARN_UNUSED_FUNCTION = YES;
				GCC_WARN_UNUSED_VARIABLE = YES;
				MACOSX_DEPLOYMENT_TARGET = 10.9;
				SDKROOT = macosx;
			};
			name = Release;
		};
		4E045E88190BE6AA0086D957 /* Debug */ = {
			isa = XCBuildConfiguration;
			buildSettings = {
				FRAMEWORK_SEARCH_PATHS = (
					/Library/Frameworks,
					"$(LOCAL_LIBRARY_DIR)/Frameworks",
				);
				HEADER_SEARCH_PATHS = (
					/opt/local/include,
					/usr/include,
					/usr/local/include,
				);
				LIBRARY_SEARCH_PATHS = (
					/opt/local/lib,
					/usr/lib,
				);
				OTHER_LDFLAGS = (
					"-framework",
					cocoa,
					"-framework",
					SDL2,
				);
				PRODUCT_NAME = "$(TARGET_NAME)";
				USER_HEADER_SEARCH_PATHS = "";
			};
			name = Debug;
		};
		4E045E89190BE6AA0086D957 /* Release */ = {
			isa = XCBuildConfiguration;
			buildSettings = {
				FRAMEWORK_SEARCH_PATHS = (
					/Library/Frameworks,
					"$(LOCAL_LIBRARY_DIR)/Frameworks",
				);
				HEADER_SEARCH_PATHS = (
					/opt/local/include,
					/usr/include,
					/usr/local/include,
				);
				LIBRARY_SEARCH_PATHS = (
					/opt/local/lib,
					/usr/lib,
				);
				OTHER_LDFLAGS = (
					"-framework",
					cocoa,
					"-framework",
					SDL2,
				);
				PRODUCT_NAME = "$(TARGET_NAME)";
				USER_HEADER_SEARCH_PATHS = "";
			};
			name = Release;
		};
/* End XCBuildConfiguration section */

/* Begin XCConfigurationList section */
		4E045E7B190BE6AA0086D957 /* Build configuration list for PBXProject "LudumDare29" */ = {
			isa = XCConfigurationList;
			buildConfigurations = (
				4E045E85190BE6AA0086D957 /* Debug */,
				4E045E86190BE6AA0086D957 /* Release */,
			);
			defaultConfigurationIsVisible = 0;
			defaultConfigurationName = Release;
		};
		4E045E87190BE6AA0086D957 /* Build configuration list for PBXNativeTarget "LudumDare29" */ = {
			isa = XCConfigurationList;
			buildConfigurations = (
				4E045E88190BE6AA0086D957 /* Debug */,
				4E045E89190BE6AA0086D957 /* Release */,
			);
			defaultConfigurationIsVisible = 0;
			defaultConfigurationName = Release;
		};
/* End XCConfigurationList section */
	};
	rootObject = 4E045E78190BE6AA0086D957 /* Project object */;
}
